// !$*UTF8*$!
{
	archiveVersion = 1;
	classes = {
	};
	objectVersion = 46;
	objects = {

/* Begin PBXBuildFile section */
		3641B2A91C02379D00244C03 /* AppDelegate.swift in Sources */ = {isa = PBXBuildFile; fileRef = 3641B2A81C02379D00244C03 /* AppDelegate.swift */; };
		3641B2AB1C02379D00244C03 /* ViewController.swift in Sources */ = {isa = PBXBuildFile; fileRef = 3641B2AA1C02379D00244C03 /* ViewController.swift */; };
		3641B2AE1C02379D00244C03 /* Main.storyboard in Resources */ = {isa = PBXBuildFile; fileRef = 3641B2AC1C02379D00244C03 /* Main.storyboard */; };
		3641B2B01C02379D00244C03 /* Images.xcassets in Resources */ = {isa = PBXBuildFile; fileRef = 3641B2AF1C02379D00244C03 /* Images.xcassets */; };
		3641B2B31C02379D00244C03 /* LaunchScreen.xib in Resources */ = {isa = PBXBuildFile; fileRef = 3641B2B11C02379D00244C03 /* LaunchScreen.xib */; };
		3641B2BF1C02379D00244C03 /* Swift_02_singleViewTests.swift in Sources */ = {isa = PBXBuildFile; fileRef = 3641B2BE1C02379D00244C03 /* Swift_02_singleViewTests.swift */; };
/* End PBXBuildFile section */

/* Begin PBXContainerItemProxy section */
		3641B2B91C02379D00244C03 /* PBXContainerItemProxy */ = {
			isa = PBXContainerItemProxy;
			containerPortal = 3641B29B1C02379C00244C03 /* Project object */;
			proxyType = 1;
			remoteGlobalIDString = 3641B2A21C02379D00244C03;
			remoteInfo = Swift_02_singleView;
		};
/* End PBXContainerItemProxy section */

/* Begin PBXFileReference section */
		3641B2A31C02379D00244C03 /* Swift_02_singleView.app */ = {isa = PBXFileReference; explicitFileType = wrapper.application; includeInIndex = 0; path = Swift_02_singleView.app; sourceTree = BUILT_PRODUCTS_DIR; };
		3641B2A71C02379D00244C03 /* Info.plist */ = {isa = PBXFileReference; lastKnownFileType = text.plist.xml; path = Info.plist; sourceTree = "<group>"; };
		3641B2A81C02379D00244C03 /* AppDelegate.swift */ = {isa = PBXFileReference; lastKnownFileType = sourcecode.swift; path = AppDelegate.swift; sourceTree = "<group>"; };
		3641B2AA1C02379D00244C03 /* ViewController.swift */ = {isa = PBXFileReference; lastKnownFileType = sourcecode.swift; path = ViewController.swift; sourceTree = "<group>"; };
		3641B2AD1C02379D00244C03 /* Base */ = {isa = PBXFileReference; lastKnownFileType = file.storyboard; name = Base; path = Base.lproj/Main.storyboard; sourceTree = "<group>"; };
		3641B2AF1C02379D00244C03 /* Images.xcassets */ = {isa = PBXFileReference; lastKnownFileType = folder.assetcatalog; path = Images.xcassets; sourceTree = "<group>"; };
		3641B2B21C02379D00244C03 /* Base */ = {isa = PBXFileReference; lastKnownFileType = file.xib; name = Base; path = Base.lproj/LaunchScreen.xib; sourceTree = "<group>"; };
		3641B2B81C02379D00244C03 /* Swift_02_singleViewTests.xctest */ = {isa = PBXFileReference; explicitFileType = wrapper.cfbundle; includeInIndex = 0; path = Swift_02_singleViewTests.xctest; sourceTree = BUILT_PRODUCTS_DIR; };
		3641B2BD1C02379D00244C03 /* Info.plist */ = {isa = PBXFileReference; lastKnownFileType = text.plist.xml; path = Info.plist; sourceTree = "<group>"; };
		3641B2BE1C02379D00244C03 /* Swift_02_singleViewTests.swift */ = {isa = PBXFileReference; lastKnownFileType = sourcecode.swift; path = Swift_02_singleViewTests.swift; sourceTree = "<group>"; };
/* End PBXFileReference section */

/* Begin PBXFrameworksBuildPhase section */
		3641B2A01C02379D00244C03 /* Frameworks */ = {
			isa = PBXFrameworksBuildPhase;
			buildActionMask = 2147483647;
			files = (
			);
			runOnlyForDeploymentPostprocessing = 0;
		};
		3641B2B51C02379D00244C03 /* Frameworks */ = {
			isa = PBXFrameworksBuildPhase;
			buildActionMask = 2147483647;
			files = (
			);
			runOnlyForDeploymentPostprocessing = 0;
		};
/* End PBXFrameworksBuildPhase section */

/* Begin PBXGroup section */
		3641B29A1C02379C00244C03 = {
			isa = PBXGroup;
			children = (
				3641B2A51C02379D00244C03 /* Swift_02_singleView */,
				3641B2BB1C02379D00244C03 /* Swift_02_singleViewTests */,
				3641B2A41C02379D00244C03 /* Products */,
			);
			sourceTree = "<group>";
		};
		3641B2A41C02379D00244C03 /* Products */ = {
			isa = PBXGroup;
			children = (
				3641B2A31C02379D00244C03 /* Swift_02_singleView.app */,
				3641B2B81C02379D00244C03 /* Swift_02_singleViewTests.xctest */,
			);
			name = Products;
			sourceTree = "<group>";
		};
		3641B2A51C02379D00244C03 /* Swift_02_singleView */ = {
			isa = PBXGroup;
			children = (
				3641B2A81C02379D00244C03 /* AppDelegate.swift */,
				3641B2AA1C02379D00244C03 /* ViewController.swift */,
				3641B2AC1C02379D00244C03 /* Main.storyboard */,
				3641B2AF1C02379D00244C03 /* Images.xcassets */,
				3641B2B11C02379D00244C03 /* LaunchScreen.xib */,
				3641B2A61C02379D00244C03 /* Supporting Files */,
			);
			path = Swift_02_singleView;
			sourceTree = "<group>";
		};
		3641B2A61C02379D00244C03 /* Supporting Files */ = {
			isa = PBXGroup;
			children = (
				3641B2A71C02379D00244C03 /* Info.plist */,
			);
			name = "Supporting Files";
			sourceTree = "<group>";
		};
		3641B2BB1C02379D00244C03 /* Swift_02_singleViewTests */ = {
			isa = PBXGroup;
			children = (
				3641B2BE1C02379D00244C03 /* Swift_02_singleViewTests.swift */,
				3641B2BC1C02379D00244C03 /* Supporting Files */,
			);
			path = Swift_02_singleViewTests;
			sourceTree = "<group>";
		};
		3641B2BC1C02379D00244C03 /* Supporting Files */ = {
			isa = PBXGroup;
			children = (
				3641B2BD1C02379D00244C03 /* Info.plist */,
			);
			name = "Supporting Files";
			sourceTree = "<group>";
		};
/* End PBXGroup section */

/* Begin PBXNativeTarget section */
		3641B2A21C02379D00244C03 /* Swift_02_singleView */ = {
			isa = PBXNativeTarget;
			buildConfigurationList = 3641B2C21C02379D00244C03 /* Build configuration list for PBXNativeTarget "Swift_02_singleView" */;
			buildPhases = (
				3641B29F1C02379D00244C03 /* Sources */,
				3641B2A01C02379D00244C03 /* Frameworks */,
				3641B2A11C02379D00244C03 /* Resources */,
			);
			buildRules = (
			);
			dependencies = (
			);
			name = Swift_02_singleView;
			productName = Swift_02_singleView;
			productReference = 3641B2A31C02379D00244C03 /* Swift_02_singleView.app */;
			productType = "com.apple.product-type.application";
		};
		3641B2B71C02379D00244C03 /* Swift_02_singleViewTests */ = {
			isa = PBXNativeTarget;
			buildConfigurationList = 3641B2C51C02379D00244C03 /* Build configuration list for PBXNativeTarget "Swift_02_singleViewTests" */;
			buildPhases = (
				3641B2B41C02379D00244C03 /* Sources */,
				3641B2B51C02379D00244C03 /* Frameworks */,
				3641B2B61C02379D00244C03 /* Resources */,
			);
			buildRules = (
			);
			dependencies = (
				3641B2BA1C02379D00244C03 /* PBXTargetDependency */,
			);
			name = Swift_02_singleViewTests;
			productName = Swift_02_singleViewTests;
			productReference = 3641B2B81C02379D00244C03 /* Swift_02_singleViewTests.xctest */;
			productType = "com.apple.product-type.bundle.unit-test";
		};
/* End PBXNativeTarget section */

/* Begin PBXProject section */
		3641B29B1C02379C00244C03 /* Project object */ = {
			isa = PBXProject;
			attributes = {
				LastUpgradeCheck = 0630;
				ORGANIZATIONNAME = Werner;
				TargetAttributes = {
					3641B2A21C02379D00244C03 = {
						CreatedOnToolsVersion = 6.3.1;
					};
					3641B2B71C02379D00244C03 = {
						CreatedOnToolsVersion = 6.3.1;
						TestTargetID = 3641B2A21C02379D00244C03;
					};
				};
			};
			buildConfigurationList = 3641B29E1C02379C00244C03 /* Build configuration list for PBXProject "Swift_02_singleView" */;
			compatibilityVersion = "Xcode 3.2";
			developmentRegion = English;
			hasScannedForEncodings = 0;
			knownRegions = (
				en,
				Base,
			);
			mainGroup = 3641B29A1C02379C00244C03;
			productRefGroup = 3641B2A41C02379D00244C03 /* Products */;
			projectDirPath = "";
			projectRoot = "";
			targets = (
				3641B2A21C02379D00244C03 /* Swift_02_singleView */,
				3641B2B71C02379D00244C03 /* Swift_02_singleViewTests */,
			);
		};
/* End PBXProject section */

/* Begin PBXResourcesBuildPhase section */
		3641B2A11C02379D00244C03 /* Resources */ = {
			isa = PBXResourcesBuildPhase;
			buildActionMask = 2147483647;
			files = (
				3641B2AE1C02379D00244C03 /* Main.storyboard in Resources */,
				3641B2B31C02379D00244C03 /* LaunchScreen.xib in Resources */,
				3641B2B01C02379D00244C03 /* Images.xcassets in Resources */,
			);
			runOnlyForDeploymentPostprocessing = 0;
		};
		3641B2B61C02379D00244C03 /* Resources */ = {
			isa = PBXResourcesBuildPhase;
			buildActionMask = 2147483647;
			files = (
			);
			runOnlyForDeploymentPostprocessing = 0;
		};
/* End PBXResourcesBuildPhase section */

/* Begin PBXSourcesBuildPhase section */
		3641B29F1C02379D00244C03 /* Sources */ = {
			isa = PBXSourcesBuildPhase;
			buildActionMask = 2147483647;
			files = (
				3641B2AB1C02379D00244C03 /* ViewController.swift in Sources */,
				3641B2A91C02379D00244C03 /* AppDelegate.swift in Sources */,
			);
			runOnlyForDeploymentPostprocessing = 0;
		};
		3641B2B41C02379D00244C03 /* Sources */ = {
			isa = PBXSourcesBuildPhase;
			buildActionMask = 2147483647;
			files = (
				3641B2BF1C02379D00244C03 /* Swift_02_singleViewTests.swift in Sources */,
			);
			runOnlyForDeploymentPostprocessing = 0;
		};
/* End PBXSourcesBuildPhase section */

/* Begin PBXTargetDependency section */
		3641B2BA1C02379D00244C03 /* PBXTargetDependency */ = {
			isa = PBXTargetDependency;
			target = 3641B2A21C02379D00244C03 /* Swift_02_singleView */;
			targetProxy = 3641B2B91C02379D00244C03 /* PBXContainerItemProxy */;
		};
/* End PBXTargetDependency section */

/* Begin PBXVariantGroup section */
		3641B2AC1C02379D00244C03 /* Main.storyboard */ = {
			isa = PBXVariantGroup;
			children = (
				3641B2AD1C02379D00244C03 /* Base */,
			);
			name = Main.storyboard;
			sourceTree = "<group>";
		};
		3641B2B11C02379D00244C03 /* LaunchScreen.xib */ = {
			isa = PBXVariantGroup;
			children = (
				3641B2B21C02379D00244C03 /* Base */,
			);
			name = LaunchScreen.xib;
			sourceTree = "<group>";
		};
/* End PBXVariantGroup section */

/* Begin XCBuildConfiguration section */
		3641B2C01C02379D00244C03 /* Debug */ = {
			isa = XCBuildConfiguration;
			buildSettings = {
				ALWAYS_SEARCH_USER_PATHS = NO;
				CLANG_CXX_LANGUAGE_STANDARD = "gnu++0x";
				CLANG_CXX_LIBRARY = "libc++";
				CLANG_ENABLE_MODULES = YES;
				CLANG_ENABLE_OBJC_ARC = YES;
				CLANG_WARN_BOOL_CONVERSION = YES;
				CLANG_WARN_CONSTANT_CONVERSION = YES;
				CLANG_WARN_DIRECT_OBJC_ISA_USAGE = YES_ERROR;
				CLANG_WARN_EMPTY_BODY = YES;
				CLANG_WARN_ENUM_CONVERSION = YES;
				CLANG_WARN_INT_CONVERSION = YES;
				CLANG_WARN_OBJC_ROOT_CLASS = YES_ERROR;
				CLANG_WARN_UNREACHABLE_CODE = YES;
				CLANG_WARN__DUPLICATE_METHOD_MATCH = YES;
				"CODE_SIGN_IDENTITY[sdk=iphoneos*]" = "iPhone Developer";
				COPY_PHASE_STRIP = NO;
				DEBUG_INFORMATION_FORMAT = "dwarf-with-dsym";
				ENABLE_STRICT_OBJC_MSGSEND = YES;
				GCC_C_LANGUAGE_STANDARD = gnu99;
				GCC_DYNAMIC_NO_PIC = NO;
				GCC_NO_COMMON_BLOCKS = YES;
				GCC_OPTIMIZATION_LEVEL = 0;
				GCC_PREPROCESSOR_DEFINITIONS = (
					"DEBUG=1",
					"$(inherited)",
				);
				GCC_SYMBOLS_PRIVATE_EXTERN = NO;
				GCC_WARN_64_TO_32_BIT_CONVERSION = YES;
				GCC_WARN_ABOUT_RETURN_TYPE = YES_ERROR;
				GCC_WARN_UNDECLARED_SELECTOR = YES;
				GCC_WARN_UNINITIALIZED_AUTOS = YES_AGGRESSIVE;
				GCC_WARN_UNUSED_FUNCTION = YES;
				GCC_WARN_UNUSED_VARIABLE = YES;
				IPHONEOS_DEPLOYMENT_TARGET = 8.3;
				MTL_ENABLE_DEBUG_INFO = YES;
				ONLY_ACTIVE_ARCH = YES;
				SDKROOT = iphoneos;
				SWIFT_OPTIMIZATION_LEVEL = "-Onone";
				TARGETED_DEVICE_FAMILY = "1,2";
			};
			name = Debug;
		};
		3641B2C11C02379D00244C03 /* Release */ = {
			isa = XCBuildConfiguration;
			buildSettings = {
				ALWAYS_SEARCH_USER_PATHS = NO;
				CLANG_CXX_LANGUAGE_STANDARD = "gnu++0x";
				CLANG_CXX_LIBRARY = "libc++";
				CLANG_ENABLE_MODULES = YES;
				CLANG_ENABLE_OBJC_ARC = YES;
				CLANG_WARN_BOOL_CONVERSION = YES;
				CLANG_WARN_CONSTANT_CONVERSION = YES;
				CLANG_WARN_DIRECT_OBJC_ISA_USAGE = YES_ERROR;
				CLANG_WARN_EMPTY_BODY = YES;
				CLANG_WARN_ENUM_CONVERSION = YES;
				CLANG_WARN_INT_CONVERSION = YES;
				CLANG_WARN_OBJC_ROOT_CLASS = YES_ERROR;
				CLANG_WARN_UNREACHABLE_CODE = YES;
				CLANG_WARN__DUPLICATE_METHOD_MATCH = YES;
				"CODE_SIGN_IDENTITY[sdk=iphoneos*]" = "iPhone Developer";
				COPY_PHASE_STRIP = NO;
				DEBUG_INFORMATION_FORMAT = "dwarf-with-dsym";
				ENABLE_NS_ASSERTIONS = NO;
				ENABLE_STRICT_OBJC_MSGSEND = YES;
				GCC_C_LANGUAGE_STANDARD = gnu99;
				GCC_NO_COMMON_BLOCKS = YES;
				GCC_WARN_64_TO_32_BIT_CONVERSION = YES;
				GCC_WARN_ABOUT_RETURN_TYPE = YES_ERROR;
				GCC_WARN_UNDECLARED_SELECTOR = YES;
				GCC_WARN_UNINITIALIZED_AUTOS = YES_AGGRESSIVE;
				GCC_WARN_UNUSED_FUNCTION = YES;
				GCC_WARN_UNUSED_VARIABLE = YES;
				IPHONEOS_DEPLOYMENT_TARGET = 8.3;
				MTL_ENABLE_DEBUG_INFO = NO;
				SDKROOT = iphoneos;
				TARGETED_DEVICE_FAMILY = "1,2";
				VALIDATE_PRODUCT = YES;
			};
			name = Release;
		};
		3641B2C31C02379D00244C03 /* Debug */ = {
			isa = XCBuildConfiguration;
			buildSettings = {
				ASSETCATALOG_COMPILER_APPICON_NAME = AppIcon;
				INFOPLIST_FILE = Swift_02_singleView/Info.plist;
				LD_RUNPATH_SEARCH_PATHS = "$(inherited) @executable_path/Frameworks";
				PRODUCT_NAME = "$(TARGET_NAME)";
			};
			name = Debug;
		};
		3641B2C41C02379D00244C03 /* Release */ = {
			isa = XCBuildConfiguration;
			buildSettings = {
				ASSETCATALOG_COMPILER_APPICON_NAME = AppIcon;
				INFOPLIST_FILE = Swift_02_singleView/Info.plist;
				LD_RUNPATH_SEARCH_PATHS = "$(inherited) @executable_path/Frameworks";
				PRODUCT_NAME = "$(TARGET_NAME)";
			};
			name = Release;
		};
		3641B2C61C02379D00244C03 /* Debug */ = {
			isa = XCBuildConfiguration;
			buildSettings = {
				BUNDLE_LOADER = "$(TEST_HOST)";
				FRAMEWORK_SEARCH_PATHS = (
					"$(SDKROOT)/Developer/Library/Frameworks",
					"$(inherited)",
				);
				GCC_PREPROCESSOR_DEFINITIONS = (
					"DEBUG=1",
					"$(inherited)",
				);
				INFOPLIST_FILE = Swift_02_singleViewTests/Info.plist;
				LD_RUNPATH_SEARCH_PATHS = "$(inherited) @executable_path/Frameworks @loader_path/Frameworks";
				PRODUCT_NAME = "$(TARGET_NAME)";
				TEST_HOST = "$(BUILT_PRODUCTS_DIR)/Swift_02_singleView.app/Swift_02_singleView";
			};
			name = Debug;
		};
		3641B2C71C02379D00244C03 /* Release */ = {
			isa = XCBuildConfiguration;
			buildSettings = {
				BUNDLE_LOADER = "$(TEST_HOST)";
				FRAMEWORK_SEARCH_PATHS = (
					"$(SDKROOT)/Developer/Library/Frameworks",
					"$(inherited)",
				);
				INFOPLIST_FILE = Swift_02_singleViewTests/Info.plist;
				LD_RUNPATH_SEARCH_PATHS = "$(inherited) @executable_path/Frameworks @loader_path/Frameworks";
				PRODUCT_NAME = "$(TARGET_NAME)";
				TEST_HOST = "$(BUILT_PRODUCTS_DIR)/Swift_02_singleView.app/Swift_02_singleView";
			};
			name = Release;
		};
/* End XCBuildConfiguration section */

/* Begin XCConfigurationList section */
		3641B29E1C02379C00244C03 /* Build configuration list for PBXProject "Swift_02_singleView" */ = {
			isa = XCConfigurationList;
			buildConfigurations = (
				3641B2C01C02379D00244C03 /* Debug */,
				3641B2C11C02379D00244C03 /* Release */,
			);
			defaultConfigurationIsVisible = 0;
			defaultConfigurationName = Release;
		};
		3641B2C21C02379D00244C03 /* Build configuration list for PBXNativeTarget "Swift_02_singleView" */ = {
			isa = XCConfigurationList;
			buildConfigurations = (
				3641B2C31C02379D00244C03 /* Debug */,
				3641B2C41C02379D00244C03 /* Release */,
			);
			defaultConfigurationIsVisible = 0;
		};
		3641B2C51C02379D00244C03 /* Build configuration list for PBXNativeTarget "Swift_02_singleViewTests" */ = {
			isa = XCConfigurationList;
			buildConfigurations = (
				3641B2C61C02379D00244C03 /* Debug */,
				3641B2C71C02379D00244C03 /* Release */,
			);
			defaultConfigurationIsVisible = 0;
		};
/* End XCConfigurationList section */
	};
	rootObject = 3641B29B1C02379C00244C03 /* Project object */;
}
